github.com/caiguanhao/ossslim v1.3.1 h1:0uKyBbDoRPhPiSls57hyGbghO1hokF8F1Xta15+7+Lw=
github.com/caiguanhao/ossslim v1.3.1/go.mod h1:oVKFekpakheexNSvknmtcebluNg86VVC9cQDx5UFOy4=
github.com/gopsql/goconf v1.2.1 h1:i86MaPEyPqyskQVmGot0cYFU7s9g700rB2Age7H6tbE=
github.com/gopsql/goconf v1.2.1/go.mod h1:jIS+fAazH4/pBw6q0x5eFw4g7VWjdRc4TjV570QrCx8=
